---
name: Update uv.lock

on:
  pull_request:
    paths:
      - pyproject.toml

permissions:
  id-token: write

jobs:
  update-lock:
    if: github.event.pull_request.user.login == 'dependabot[bot]'
    runs-on: ubuntu-latest
    steps:
      - name: Get GitHub App token via octo-sts
        uses: octo-sts/action@f603d3be9d8dd9871a265776e625a27b00effe05 # v1.1.1
        id: octo-sts
        with:
          scope: github-community-projects/cleanowners
          identity: update-uv-lock

      - uses: actions/checkout@de0fac2e4500dabe0009e67214ff5f5447ce83dd # v6.0.2
        with:
          ref: ${{ github.head_ref }}
          persist-credentials: true # Use the workflow temporary token from octo-sts to allow pushing changes back to the dependabot branch
          token: ${{ steps.octo-sts.outputs.token }}

      - name: Install uv
        uses: astral-sh/setup-uv@5a095e7a2014a4212f075830d4f7277575a9d098 # v7.3.1
        with:
          version: "0.10.9"
          enable-cache: true

      - name: Update uv.lock
        run: uv lock

      - name: Commit and push updated lockfile
        run: |
          git config user.name "octo-sts[bot]"
          git config user.email "801323+octo-sts[bot]@users.noreply.github.com"
          git add uv.lock
          git diff --cached --quiet || git commit -s -m "chore(deps): update uv.lock"
          git push
